
Microsoft Visual Studio Solution File, Format Version 12.00
# Visual Studio Version 16
VisualStudioVersion = 16.0.31019.35
MinimumVisualStudioVersion = 10.0.40219.1
Project("{FAE04EC0-301F-11D3-BF4B-00C04F79EFBC}") = "Backend", "Backend\Backend.csproj", "{AD65E8D1-8855-47C2-AE26-D5F4F5FD2E71}"
EndProject
Global
	GlobalSection(SolutionConfigurationPlatforms) = preSolution
		Debug|Any CPU = Debug|Any CPU
		Release|Any CPU = Release|Any CPU
	EndGlobalSection
	GlobalSection(ProjectConfigurationPlatforms) = postSolution
		{AD65E8D1-8855-47C2-AE26-D5F4F5FD2E71}.Debug|Any CPU.ActiveCfg = Debug|Any CPU
		{AD65E8D1-8855-47C2-AE26-D5F4F5FD2E71}.Debug|Any CPU.Build.0 = Debug|Any CPU
		{AD65E8D1-8855-47C2-AE26-D5F4F5FD2E71}.Release|Any CPU.ActiveCfg = Release|Any CPU
		{AD65E8D1-8855-47C2-AE26-D5F4F5FD2E71}.Release|Any CPU.Build.0 = Release|Any CPU
	EndGlobalSection
	GlobalSection(SolutionProperties) = preSolution
		HideSolutionNode = FALSE
	EndGlobalSection
	GlobalSection(ExtensibilityGlobals) = postSolution
		SolutionGuid = {24DCD134-79C5-475D-9FA0-9D79956D906C}
	EndGlobalSection
EndGlobal
